<?xml version="1.0" encoding="utf-8"?>
<Project ToolsVersion="4.0" xmlns="http://schemas.microsoft.com/developer/msbuild/2003">
  <ItemGroup>
    <Filter Include="Source Files">
      <UniqueIdentifier>{4FC737F1-C7A5-4376-A066-2A32D752A2FF}</UniqueIdentifier>
      <Extensions>cpp;c;cc;cxx;def;odl;idl;hpj;bat;asm;asmx</Extensions>
    </Filter>
    <Filter Include="Header Files">
      <UniqueIdentifier>{93995380-89BD-4b04-88EB-625FBE52EBFB}</UniqueIdentifier>
      <Extensions>h;hh;hpp;hxx;hm;inl;inc;ipp;xsd</Extensions>
    </Filter>
    <Filter Include="Resource Files">
      <UniqueIdentifier>{67DA6AB6-F800-4c08-8B7A-83BB121AAD01}</UniqueIdentifier>
      <Extensions>rc;ico;cur;bmp;dlg;rc2;rct;bin;rgs;gif;jpg;jpeg;jpe;resx;tiff;tif;png;wav;mfcribbon-ms</Extensions>
    </Filter>
  </ItemGroup>
  <ItemGroup>
    <ClCompile Include="bitpch.cpp">
      <Filter>Source Files</Filter>
    </ClCompile>
    <ClCompile Include="Component\Core\Component.cpp">
      <Filter>Source Files</Filter>
    </ClCompile>
    <ClCompile Include="Component\Custom\Position.cpp">
      <Filter>Source Files</Filter>
    </ClCompile>
    <ClCompile Include="Core\GenericCollection.cpp">
      <Filter>Source Files</Filter>
    </ClCompile>
    <ClCompile Include="Core\vec3.cpp">
      <Filter>Source Files</Filter>
    </ClCompile>
    <ClCompile Include="Entity\Core\Entity.cpp">
      <Filter>Source Files</Filter>
    </ClCompile>
    <ClCompile Include="Entity\Core\EntityManager.cpp">
      <Filter>Source Files</Filter>
    </ClCompile>
    <ClCompile Include="GenericCollectionTest.cpp">
      <Filter>Source Files</Filter>
    </ClCompile>
    <ClCompile Include="Object\EntityAction\Core\EntityAction.cpp">
      <Filter>Source Files</Filter>
    </ClCompile>
    <ClCompile Include="Object\EntityAction\Core\EntityActionManager.cpp">
      <Filter>Source Files</Filter>
    </ClCompile>
    <ClCompile Include="Object\EntityAction\Custom\InitMover.cpp">
      <Filter>Source Files</Filter>
    </ClCompile>
    <ClCompile Include="Object\EntityAction\Custom\MoveInDirection.cpp">
      <Filter>Source Files</Filter>
    </ClCompile>
    <ClCompile Include="Object\Object.cpp">
      <Filter>Source Files</Filter>
    </ClCompile>
    <ClCompile Include="Object\ObjectManager.cpp">
      <Filter>Source Files</Filter>
    </ClCompile>
  </ItemGroup>
  <ItemGroup>
    <ClInclude Include="bitpch.h">
      <Filter>Header Files</Filter>
    </ClInclude>
    <ClInclude Include="Component\Core\Component.h">
      <Filter>Header Files</Filter>
    </ClInclude>
    <ClInclude Include="Component\Custom\Position.h">
      <Filter>Header Files</Filter>
    </ClInclude>
    <ClInclude Include="Core\GenericCollection.h">
      <Filter>Header Files</Filter>
    </ClInclude>
    <ClInclude Include="Core\vec3.h">
      <Filter>Header Files</Filter>
    </ClInclude>
    <ClInclude Include="EntityTest1.h">
      <Filter>Header Files</Filter>
    </ClInclude>
    <ClInclude Include="Entity\Core\Entity.h">
      <Filter>Header Files</Filter>
    </ClInclude>
    <ClInclude Include="Entity\Core\EntityManager.h">
      <Filter>Header Files</Filter>
    </ClInclude>
    <ClInclude Include="GenericCollectionTest.h">
      <Filter>Header Files</Filter>
    </ClInclude>
    <ClInclude Include="helpers.h">
      <Filter>Header Files</Filter>
    </ClInclude>
    <ClInclude Include="Object\EntityAction\Core\EntityAction.h">
      <Filter>Header Files</Filter>
    </ClInclude>
    <ClInclude Include="Object\EntityAction\Core\EntityActionManager.h">
      <Filter>Header Files</Filter>
    </ClInclude>
    <ClInclude Include="Object\EntityAction\Custom\InitMover.h">
      <Filter>Header Files</Filter>
    </ClInclude>
    <ClInclude Include="Object\EntityAction\Custom\MoveInDirection.h">
      <Filter>Header Files</Filter>
    </ClInclude>
    <ClInclude Include="Object\Object.h">
      <Filter>Header Files</Filter>
    </ClInclude>
    <ClInclude Include="Object\ObjectManager.h">
      <Filter>Header Files</Filter>
    </ClInclude>
  </ItemGroup>
</Project>